
Microsoft Visual Studio Solution File, Format Version 12.00
# Visual Studio Version 16
VisualStudioVersion = 16.0.31515.178
MinimumVisualStudioVersion = 10.0.40219.1
Project("{888888A0-9F3D-457C-B088-3A5042F75D52}") = "CIS261 Week 6 Lab 1", "CIS261 Week 6 Lab 1.pyproj", "{84ACEE73-FCBC-4F01-84CA-FC2B7C4190FB}"
EndProject
Global
	GlobalSection(SolutionConfigurationPlatforms) = preSolution
		Debug|Any CPU = Debug|Any CPU
		Release|Any CPU = Release|Any CPU
	EndGlobalSection
	GlobalSection(ProjectConfigurationPlatforms) = postSolution
		{84ACEE73-FCBC-4F01-84CA-FC2B7C4190FB}.Debug|Any CPU.ActiveCfg = Debug|Any CPU
		{84ACEE73-FCBC-4F01-84CA-FC2B7C4190FB}.Release|Any CPU.ActiveCfg = Release|Any CPU
	EndGlobalSection
	GlobalSection(SolutionProperties) = preSolution
		HideSolutionNode = FALSE
	EndGlobalSection
	GlobalSection(ExtensibilityGlobals) = postSolution
		SolutionGuid = {4946980B-08F5-47CB-A33B-5F86295B78C4}
	EndGlobalSection
EndGlobal
